
Microsoft Visual Studio Solution File, Format Version 12.00
# Visual Studio Version 16
VisualStudioVersion = 16.0.31829.152
MinimumVisualStudioVersion = 10.0.40219.1
Project("{9A19103F-16F7-4668-BE54-9A1E7A4F7556}") = "4.1_task", "4.1_task\4.1_task.csproj", "{A463B61E-78CF-4A24-9451-CF553CEA4A3C}"
EndProject
Project("{9A19103F-16F7-4668-BE54-9A1E7A4F7556}") = "4.2_task", "4.2_task\4.2_task.csproj", "{47333729-302E-4A22-B599-08AAEF6C91D4}"
EndProject
Project("{9A19103F-16F7-4668-BE54-9A1E7A4F7556}") = "4.3_task", "4.3_task\4.3_task.csproj", "{C3725952-C058-4DD1-A295-0E5B7FC71FD8}"
EndProject
Project("{FAE04EC0-301F-11D3-BF4B-00C04F79EFBC}") = "4_task", "4_task\4_task.csproj", "{3D55D080-2308-4531-8627-195312200BDB}"
EndProject
Global
	GlobalSection(SolutionConfigurationPlatforms) = preSolution
		Debug|Any CPU = Debug|Any CPU
		Release|Any CPU = Release|Any CPU
	EndGlobalSection
	GlobalSection(ProjectConfigurationPlatforms) = postSolution
		{A463B61E-78CF-4A24-9451-CF553CEA4A3C}.Debug|Any CPU.ActiveCfg = Debug|Any CPU
		{A463B61E-78CF-4A24-9451-CF553CEA4A3C}.Debug|Any CPU.Build.0 = Debug|Any CPU
		{A463B61E-78CF-4A24-9451-CF553CEA4A3C}.Release|Any CPU.ActiveCfg = Release|Any CPU
		{A463B61E-78CF-4A24-9451-CF553CEA4A3C}.Release|Any CPU.Build.0 = Release|Any CPU
		{47333729-302E-4A22-B599-08AAEF6C91D4}.Debug|Any CPU.ActiveCfg = Debug|Any CPU
		{47333729-302E-4A22-B599-08AAEF6C91D4}.Debug|Any CPU.Build.0 = Debug|Any CPU
		{47333729-302E-4A22-B599-08AAEF6C91D4}.Release|Any CPU.ActiveCfg = Release|Any CPU
		{47333729-302E-4A22-B599-08AAEF6C91D4}.Release|Any CPU.Build.0 = Release|Any CPU
		{C3725952-C058-4DD1-A295-0E5B7FC71FD8}.Debug|Any CPU.ActiveCfg = Debug|Any CPU
		{C3725952-C058-4DD1-A295-0E5B7FC71FD8}.Debug|Any CPU.Build.0 = Debug|Any CPU
		{C3725952-C058-4DD1-A295-0E5B7FC71FD8}.Release|Any CPU.ActiveCfg = Release|Any CPU
		{C3725952-C058-4DD1-A295-0E5B7FC71FD8}.Release|Any CPU.Build.0 = Release|Any CPU
		{3D55D080-2308-4531-8627-195312200BDB}.Debug|Any CPU.ActiveCfg = Debug|Any CPU
		{3D55D080-2308-4531-8627-195312200BDB}.Debug|Any CPU.Build.0 = Debug|Any CPU
		{3D55D080-2308-4531-8627-195312200BDB}.Release|Any CPU.ActiveCfg = Release|Any CPU
		{3D55D080-2308-4531-8627-195312200BDB}.Release|Any CPU.Build.0 = Release|Any CPU
	EndGlobalSection
	GlobalSection(SolutionProperties) = preSolution
		HideSolutionNode = FALSE
	EndGlobalSection
	GlobalSection(ExtensibilityGlobals) = postSolution
		SolutionGuid = {EF89C2A6-CB06-44D3-B637-60ADCFA738DA}
	EndGlobalSection
EndGlobal
